<?xml version="1.0" encoding="utf-8"?>
<Project ToolsVersion="4.0" xmlns="http://schemas.microsoft.com/developer/msbuild/2003">
  <ItemGroup>
    <Filter Include="Source Files">
      <UniqueIdentifier>{4FC737F1-C7A5-4376-A066-2A32D752A2FF}</UniqueIdentifier>
      <Extensions>cpp;c;cc;cxx;c++;cppm;ixx;def;odl;idl;hpj;bat;asm;asmx</Extensions>
    </Filter>
    <Filter Include="Header Files">
      <UniqueIdentifier>{93995380-89BD-4b04-88EB-625FBE52EBFB}</UniqueIdentifier>
      <Extensions>h;hh;hpp;hxx;h++;hm;inl;inc;ipp;xsd</Extensions>
    </Filter>
    <Filter Include="Resource Files">
      <UniqueIdentifier>{67DA6AB6-F800-4c08-8B7A-83BB121AAD01}</UniqueIdentifier>
      <Extensions>rc;ico;cur;bmp;dlg;rc2;rct;bin;rgs;gif;jpg;jpeg;jpe;resx;tiff;tif;png;wav;mfcribbon-ms</Extensions>
    </Filter>
    <Filter Include="Header Files\utils">
      <UniqueIdentifier>{876b782a-e496-47ea-a024-e5b982281b26}</UniqueIdentifier>
    </Filter>
    <Filter Include="Source Files\utils">
      <UniqueIdentifier>{7217dafb-2e46-494a-a9fd-525b68ad80a2}</UniqueIdentifier>
    </Filter>
    <Filter Include="Source Files\http">
      <UniqueIdentifier>{588c03d2-24a5-4883-9cc6-506d7a9c2e81}</UniqueIdentifier>
    </Filter>
    <Filter Include="Source Files\dns">
      <UniqueIdentifier>{59c75128-50d8-49f5-850d-35921dad6ded}</UniqueIdentifier>
    </Filter>
    <Filter Include="Header Files\dns">
      <UniqueIdentifier>{0f0ef838-f389-4c3e-8e44-85c3486f9217}</UniqueIdentifier>
    </Filter>
    <Filter Include="Header Files\http">
      <UniqueIdentifier>{086b3ea8-b66c-435a-8bc8-f8ddd5a7327f}</UniqueIdentifier>
    </Filter>
  </ItemGroup>
  <ItemGroup>
    <ClCompile Include="source\cli_preprocessor.cpp">
      <Filter>Source Files</Filter>
    </ClCompile>
    <ClCompile Include="source\utils\constants.cpp">
      <Filter>Source Files\utils</Filter>
    </ClCompile>
    <ClCompile Include="source\utils\string_utils.cpp">
      <Filter>Source Files\utils</Filter>
    </ClCompile>
    <ClCompile Include="source\dns\dns.cpp">
      <Filter>Source Files\dns</Filter>
    </ClCompile>
    <ClCompile Include="source\http\requests_handler.cpp">
      <Filter>Source Files\http</Filter>
    </ClCompile>
    <ClCompile Include="source\http\resolver.cpp">
      <Filter>Source Files\http</Filter>
    </ClCompile>
    <ClCompile Include="source\utils\random_utils.cpp">
      <Filter>Source Files\utils</Filter>
    </ClCompile>
    <ClCompile Include="source\dns\dns_resolver.cpp">
      <Filter>Source Files\dns</Filter>
    </ClCompile>
    <ClCompile Include="source\utils\io_utils.cpp">
      <Filter>Source Files\utils</Filter>
    </ClCompile>
    <ClCompile Include="source\utils\ucstring.cpp">
      <Filter>Source Files\utils</Filter>
    </ClCompile>
    <ClCompile Include="source\dooked.cpp">
      <Filter>Source Files</Filter>
    </ClCompile>
  </ItemGroup>
  <ItemGroup>
    <ClInclude Include="include\cli_preprocessor.hpp">
      <Filter>Header Files</Filter>
    </ClInclude>
    <ClInclude Include="include\utils\dns_utils.hpp">
      <Filter>Header Files\utils</Filter>
    </ClInclude>
    <ClInclude Include="include\utils\exceptions.hpp">
      <Filter>Header Files\utils</Filter>
    </ClInclude>
    <ClInclude Include="include\utils\random_utils.hpp">
      <Filter>Header Files\utils</Filter>
    </ClInclude>
    <ClInclude Include="include\utils\constants.hpp">
      <Filter>Header Files\utils</Filter>
    </ClInclude>
    <ClInclude Include="include\dns\dns.hpp">
      <Filter>Header Files\dns</Filter>
    </ClInclude>
    <ClInclude Include="include\http\requests_handler.hpp">
      <Filter>Header Files\http</Filter>
    </ClInclude>
    <ClInclude Include="include\http\resolver.hpp">
      <Filter>Header Files\http</Filter>
    </ClInclude>
    <ClInclude Include="include\utils\string_utils.hpp">
      <Filter>Header Files\utils</Filter>
    </ClInclude>
    <ClInclude Include="include\utils\containers.hpp">
      <Filter>Header Files\utils</Filter>
    </ClInclude>
    <ClInclude Include="include\dns\dns_resolver.hpp">
      <Filter>Header Files\dns</Filter>
    </ClInclude>
    <ClInclude Include="include\utils\io_utils.hpp">
      <Filter>Header Files\utils</Filter>
    </ClInclude>
    <ClInclude Include="include\utils\probe_result.hpp">
      <Filter>Header Files\utils</Filter>
    </ClInclude>
  </ItemGroup>
</Project>